
Microsoft Visual Studio Solution File, Format Version 12.00
# Visual Studio Version 16
VisualStudioVersion = 16.0.29709.97
MinimumVisualStudioVersion = 10.0.40219.1
Project("{FAE04EC0-301F-11D3-BF4B-00C04F79EFBC}") = "QuickQuotes.UWP", "QuickQuotes\QuickQuotes.UWP\QuickQuotes.UWP.csproj", "{CDAFC6A8-841A-4358-A4CB-017550BA6B0F}"
EndProject
Project("{FAE04EC0-301F-11D3-BF4B-00C04F79EFBC}") = "QuickQuotes.Android", "QuickQuotes\QuickQuotes.Android\QuickQuotes.Android.csproj", "{95625C33-8392-4E1A-B513-39C2632CBB5B}"
EndProject
Project("{FAE04EC0-301F-11D3-BF4B-00C04F79EFBC}") = "QuickQuotes.iOS", "QuickQuotes\QuickQuotes.iOS\QuickQuotes.iOS.csproj", "{8C47F886-A284-48E9-9CB2-992E8253E583}"
EndProject
Project("{FAE04EC0-301F-11D3-BF4B-00C04F79EFBC}") = "QuickQuotes", "QuickQuotes\QuickQuotes\QuickQuotes.csproj", "{5CCBFFA5-B253-450A-BC29-3E0A913D5DD1}"
EndProject
Global
	GlobalSection(SolutionConfigurationPlatforms) = preSolution
		Debug|Any CPU = Debug|Any CPU
		Debug|ARM = Debug|ARM
		Debug|iPhone = Debug|iPhone
		Debug|iPhoneSimulator = Debug|iPhoneSimulator
		Debug|x64 = Debug|x64
		Debug|x86 = Debug|x86
		Release|Any CPU = Release|Any CPU
		Release|ARM = Release|ARM
		Release|iPhone = Release|iPhone
		Release|iPhoneSimulator = Release|iPhoneSimulator
		Release|x64 = Release|x64
		Release|x86 = Release|x86
	EndGlobalSection
	GlobalSection(ProjectConfigurationPlatforms) = postSolution
		{CDAFC6A8-841A-4358-A4CB-017550BA6B0F}.Debug|Any CPU.ActiveCfg = Debug|x86
		{CDAFC6A8-841A-4358-A4CB-017550BA6B0F}.Debug|Any CPU.Build.0 = Debug|x86
		{CDAFC6A8-841A-4358-A4CB-017550BA6B0F}.Debug|Any CPU.Deploy.0 = Debug|x86
		{CDAFC6A8-841A-4358-A4CB-017550BA6B0F}.Debug|ARM.ActiveCfg = Debug|ARM
		{CDAFC6A8-841A-4358-A4CB-017550BA6B0F}.Debug|ARM.Build.0 = Debug|ARM
		{CDAFC6A8-841A-4358-A4CB-017550BA6B0F}.Debug|ARM.Deploy.0 = Debug|ARM
		{CDAFC6A8-841A-4358-A4CB-017550BA6B0F}.Debug|iPhone.ActiveCfg = Debug|x86
		{CDAFC6A8-841A-4358-A4CB-017550BA6B0F}.Debug|iPhone.Build.0 = Debug|x86
		{CDAFC6A8-841A-4358-A4CB-017550BA6B0F}.Debug|iPhone.Deploy.0 = Debug|x86
		{CDAFC6A8-841A-4358-A4CB-017550BA6B0F}.Debug|iPhoneSimulator.ActiveCfg = Debug|x86
		{CDAFC6A8-841A-4358-A4CB-017550BA6B0F}.Debug|iPhoneSimulator.Build.0 = Debug|x86
		{CDAFC6A8-841A-4358-A4CB-017550BA6B0F}.Debug|iPhoneSimulator.Deploy.0 = Debug|x86
		{CDAFC6A8-841A-4358-A4CB-017550BA6B0F}.Debug|x64.ActiveCfg = Debug|x64
		{CDAFC6A8-841A-4358-A4CB-017550BA6B0F}.Debug|x64.Build.0 = Debug|x64
		{CDAFC6A8-841A-4358-A4CB-017550BA6B0F}.Debug|x64.Deploy.0 = Debug|x64
		{CDAFC6A8-841A-4358-A4CB-017550BA6B0F}.Debug|x86.ActiveCfg = Debug|x86
		{CDAFC6A8-841A-4358-A4CB-017550BA6B0F}.Debug|x86.Build.0 = Debug|x86
		{CDAFC6A8-841A-4358-A4CB-017550BA6B0F}.Debug|x86.Deploy.0 = Debug|x86
		{CDAFC6A8-841A-4358-A4CB-017550BA6B0F}.Release|Any CPU.ActiveCfg = Release|x86
		{CDAFC6A8-841A-4358-A4CB-017550BA6B0F}.Release|Any CPU.Build.0 = Release|x86
		{CDAFC6A8-841A-4358-A4CB-017550BA6B0F}.Release|Any CPU.Deploy.0 = Release|x86
		{CDAFC6A8-841A-4358-A4CB-017550BA6B0F}.Release|ARM.ActiveCfg = Release|ARM
		{CDAFC6A8-841A-4358-A4CB-017550BA6B0F}.Release|ARM.Build.0 = Release|ARM
		{CDAFC6A8-841A-4358-A4CB-017550BA6B0F}.Release|ARM.Deploy.0 = Release|ARM
		{CDAFC6A8-841A-4358-A4CB-017550BA6B0F}.Release|iPhone.ActiveCfg = Release|x86
		{CDAFC6A8-841A-4358-A4CB-017550BA6B0F}.Release|iPhone.Build.0 = Release|x86
		{CDAFC6A8-841A-4358-A4CB-017550BA6B0F}.Release|iPhone.Deploy.0 = Release|x86
		{CDAFC6A8-841A-4358-A4CB-017550BA6B0F}.Release|iPhoneSimulator.ActiveCfg = Release|x86
		{CDAFC6A8-841A-4358-A4CB-017550BA6B0F}.Release|iPhoneSimulator.Build.0 = Release|x86
		{CDAFC6A8-841A-4358-A4CB-017550BA6B0F}.Release|iPhoneSimulator.Deploy.0 = Release|x86
		{CDAFC6A8-841A-4358-A4CB-017550BA6B0F}.Release|x64.ActiveCfg = Release|x64
		{CDAFC6A8-841A-4358-A4CB-017550BA6B0F}.Release|x64.Build.0 = Release|x64
		{CDAFC6A8-841A-4358-A4CB-017550BA6B0F}.Release|x64.Deploy.0 = Release|x64
		{CDAFC6A8-841A-4358-A4CB-017550BA6B0F}.Release|x86.ActiveCfg = Release|x86
		{CDAFC6A8-841A-4358-A4CB-017550BA6B0F}.Release|x86.Build.0 = Release|x86
		{CDAFC6A8-841A-4358-A4CB-017550BA6B0F}.Release|x86.Deploy.0 = Release|x86
		{95625C33-8392-4E1A-B513-39C2632CBB5B}.Debug|Any CPU.ActiveCfg = Debug|Any CPU
		{95625C33-8392-4E1A-B513-39C2632CBB5B}.Debug|Any CPU.Build.0 = Debug|Any CPU
		{95625C33-8392-4E1A-B513-39C2632CBB5B}.Debug|Any CPU.Deploy.0 = Debug|Any CPU
		{95625C33-8392-4E1A-B513-39C2632CBB5B}.Debug|ARM.ActiveCfg = Debug|Any CPU
		{95625C33-8392-4E1A-B513-39C2632CBB5B}.Debug|ARM.Build.0 = Debug|Any CPU
		{95625C33-8392-4E1A-B513-39C2632CBB5B}.Debug|ARM.Deploy.0 = Debug|Any CPU
		{95625C33-8392-4E1A-B513-39C2632CBB5B}.Debug|iPhone.ActiveCfg = Debug|Any CPU
		{95625C33-8392-4E1A-B513-39C2632CBB5B}.Debug|iPhone.Build.0 = Debug|Any CPU
		{95625C33-8392-4E1A-B513-39C2632CBB5B}.Debug|iPhone.Deploy.0 = Debug|Any CPU
		{95625C33-8392-4E1A-B513-39C2632CBB5B}.Debug|iPhoneSimulator.ActiveCfg = Debug|Any CPU
		{95625C33-8392-4E1A-B513-39C2632CBB5B}.Debug|iPhoneSimulator.Build.0 = Debug|Any CPU
		{95625C33-8392-4E1A-B513-39C2632CBB5B}.Debug|iPhoneSimulator.Deploy.0 = Debug|Any CPU
		{95625C33-8392-4E1A-B513-39C2632CBB5B}.Debug|x64.ActiveCfg = Debug|Any CPU
		{95625C33-8392-4E1A-B513-39C2632CBB5B}.Debug|x64.Build.0 = Debug|Any CPU
		{95625C33-8392-4E1A-B513-39C2632CBB5B}.Debug|x64.Deploy.0 = Debug|Any CPU
		{95625C33-8392-4E1A-B513-39C2632CBB5B}.Debug|x86.ActiveCfg = Debug|Any CPU
		{95625C33-8392-4E1A-B513-39C2632CBB5B}.Debug|x86.Build.0 = Debug|Any CPU
		{95625C33-8392-4E1A-B513-39C2632CBB5B}.Debug|x86.Deploy.0 = Debug|Any CPU
		{95625C33-8392-4E1A-B513-39C2632CBB5B}.Release|Any CPU.ActiveCfg = Release|Any CPU
		{95625C33-8392-4E1A-B513-39C2632CBB5B}.Release|Any CPU.Build.0 = Release|Any CPU
		{95625C33-8392-4E1A-B513-39C2632CBB5B}.Release|Any CPU.Deploy.0 = Release|Any CPU
		{95625C33-8392-4E1A-B513-39C2632CBB5B}.Release|ARM.ActiveCfg = Release|Any CPU
		{95625C33-8392-4E1A-B513-39C2632CBB5B}.Release|ARM.Build.0 = Release|Any CPU
		{95625C33-8392-4E1A-B513-39C2632CBB5B}.Release|ARM.Deploy.0 = Release|Any CPU
		{95625C33-8392-4E1A-B513-39C2632CBB5B}.Release|iPhone.ActiveCfg = Release|Any CPU
		{95625C33-8392-4E1A-B513-39C2632CBB5B}.Release|iPhone.Build.0 = Release|Any CPU
		{95625C33-8392-4E1A-B513-39C2632CBB5B}.Release|iPhone.Deploy.0 = Release|Any CPU
		{95625C33-8392-4E1A-B513-39C2632CBB5B}.Release|iPhoneSimulator.ActiveCfg = Release|Any CPU
		{95625C33-8392-4E1A-B513-39C2632CBB5B}.Release|iPhoneSimulator.Build.0 = Release|Any CPU
		{95625C33-8392-4E1A-B513-39C2632CBB5B}.Release|iPhoneSimulator.Deploy.0 = Release|Any CPU
		{95625C33-8392-4E1A-B513-39C2632CBB5B}.Release|x64.ActiveCfg = Release|Any CPU
		{95625C33-8392-4E1A-B513-39C2632CBB5B}.Release|x64.Build.0 = Release|Any CPU
		{95625C33-8392-4E1A-B513-39C2632CBB5B}.Release|x64.Deploy.0 = Release|Any CPU
		{95625C33-8392-4E1A-B513-39C2632CBB5B}.Release|x86.ActiveCfg = Release|Any CPU
		{95625C33-8392-4E1A-B513-39C2632CBB5B}.Release|x86.Build.0 = Release|Any CPU
		{95625C33-8392-4E1A-B513-39C2632CBB5B}.Release|x86.Deploy.0 = Release|Any CPU
		{8C47F886-A284-48E9-9CB2-992E8253E583}.Debug|Any CPU.ActiveCfg = Debug|iPhone
		{8C47F886-A284-48E9-9CB2-992E8253E583}.Debug|Any CPU.Build.0 = Debug|iPhone
		{8C47F886-A284-48E9-9CB2-992E8253E583}.Debug|Any CPU.Deploy.0 = Debug|iPhone
		{8C47F886-A284-48E9-9CB2-992E8253E583}.Debug|ARM.ActiveCfg = Debug|iPhoneSimulator
		{8C47F886-A284-48E9-9CB2-992E8253E583}.Debug|ARM.Build.0 = Debug|iPhoneSimulator
		{8C47F886-A284-48E9-9CB2-992E8253E583}.Debug|ARM.Deploy.0 = Debug|iPhoneSimulator
		{8C47F886-A284-48E9-9CB2-992E8253E583}.Debug|iPhone.ActiveCfg = Debug|iPhone
		{8C47F886-A284-48E9-9CB2-992E8253E583}.Debug|iPhone.Build.0 = Debug|iPhone
		{8C47F886-A284-48E9-9CB2-992E8253E583}.Debug|iPhone.Deploy.0 = Debug|iPhone
		{8C47F886-A284-48E9-9CB2-992E8253E583}.Debug|iPhoneSimulator.ActiveCfg = Debug|iPhoneSimulator
		{8C47F886-A284-48E9-9CB2-992E8253E583}.Debug|iPhoneSimulator.Build.0 = Debug|iPhoneSimulator
		{8C47F886-A284-48E9-9CB2-992E8253E583}.Debug|iPhoneSimulator.Deploy.0 = Debug|iPhoneSimulator
		{8C47F886-A284-48E9-9CB2-992E8253E583}.Debug|x64.ActiveCfg = Debug|iPhone
		{8C47F886-A284-48E9-9CB2-992E8253E583}.Debug|x64.Build.0 = Debug|iPhone
		{8C47F886-A284-48E9-9CB2-992E8253E583}.Debug|x64.Deploy.0 = Debug|iPhone
		{8C47F886-A284-48E9-9CB2-992E8253E583}.Debug|x86.ActiveCfg = Debug|iPhone
		{8C47F886-A284-48E9-9CB2-992E8253E583}.Debug|x86.Build.0 = Debug|iPhone
		{8C47F886-A284-48E9-9CB2-992E8253E583}.Debug|x86.Deploy.0 = Debug|iPhone
		{8C47F886-A284-48E9-9CB2-992E8253E583}.Release|Any CPU.ActiveCfg = Release|iPhone
		{8C47F886-A284-48E9-9CB2-992E8253E583}.Release|Any CPU.Build.0 = Release|iPhone
		{8C47F886-A284-48E9-9CB2-992E8253E583}.Release|Any CPU.Deploy.0 = Release|iPhone
		{8C47F886-A284-48E9-9CB2-992E8253E583}.Release|ARM.ActiveCfg = Release|iPhone
		{8C47F886-A284-48E9-9CB2-992E8253E583}.Release|ARM.Build.0 = Release|iPhone
		{8C47F886-A284-48E9-9CB2-992E8253E583}.Release|ARM.Deploy.0 = Release|iPhone
		{8C47F886-A284-48E9-9CB2-992E8253E583}.Release|iPhone.ActiveCfg = Release|iPhone
		{8C47F886-A284-48E9-9CB2-992E8253E583}.Release|iPhone.Build.0 = Release|iPhone
		{8C47F886-A284-48E9-9CB2-992E8253E583}.Release|iPhone.Deploy.0 = Release|iPhone
		{8C47F886-A284-48E9-9CB2-992E8253E583}.Release|iPhoneSimulator.ActiveCfg = Release|iPhoneSimulator
		{8C47F886-A284-48E9-9CB2-992E8253E583}.Release|iPhoneSimulator.Build.0 = Release|iPhoneSimulator
		{8C47F886-A284-48E9-9CB2-992E8253E583}.Release|iPhoneSimulator.Deploy.0 = Release|iPhoneSimulator
		{8C47F886-A284-48E9-9CB2-992E8253E583}.Release|x64.ActiveCfg = Release|iPhone
		{8C47F886-A284-48E9-9CB2-992E8253E583}.Release|x64.Build.0 = Release|iPhone
		{8C47F886-A284-48E9-9CB2-992E8253E583}.Release|x64.Deploy.0 = Release|iPhone
		{8C47F886-A284-48E9-9CB2-992E8253E583}.Release|x86.ActiveCfg = Release|iPhone
		{8C47F886-A284-48E9-9CB2-992E8253E583}.Release|x86.Build.0 = Release|iPhone
		{8C47F886-A284-48E9-9CB2-992E8253E583}.Release|x86.Deploy.0 = Release|iPhone
		{5CCBFFA5-B253-450A-BC29-3E0A913D5DD1}.Debug|Any CPU.ActiveCfg = Debug|Any CPU
		{5CCBFFA5-B253-450A-BC29-3E0A913D5DD1}.Debug|Any CPU.Build.0 = Debug|Any CPU
		{5CCBFFA5-B253-450A-BC29-3E0A913D5DD1}.Debug|Any CPU.Deploy.0 = Debug|Any CPU
		{5CCBFFA5-B253-450A-BC29-3E0A913D5DD1}.Debug|ARM.ActiveCfg = Debug|Any CPU
		{5CCBFFA5-B253-450A-BC29-3E0A913D5DD1}.Debug|ARM.Build.0 = Debug|Any CPU
		{5CCBFFA5-B253-450A-BC29-3E0A913D5DD1}.Debug|ARM.Deploy.0 = Debug|Any CPU
		{5CCBFFA5-B253-450A-BC29-3E0A913D5DD1}.Debug|iPhone.ActiveCfg = Debug|Any CPU
		{5CCBFFA5-B253-450A-BC29-3E0A913D5DD1}.Debug|iPhone.Build.0 = Debug|Any CPU
		{5CCBFFA5-B253-450A-BC29-3E0A913D5DD1}.Debug|iPhone.Deploy.0 = Debug|Any CPU
		{5CCBFFA5-B253-450A-BC29-3E0A913D5DD1}.Debug|iPhoneSimulator.ActiveCfg = Debug|Any CPU
		{5CCBFFA5-B253-450A-BC29-3E0A913D5DD1}.Debug|iPhoneSimulator.Build.0 = Debug|Any CPU
		{5CCBFFA5-B253-450A-BC29-3E0A913D5DD1}.Debug|iPhoneSimulator.Deploy.0 = Debug|Any CPU
		{5CCBFFA5-B253-450A-BC29-3E0A913D5DD1}.Debug|x64.ActiveCfg = Debug|Any CPU
		{5CCBFFA5-B253-450A-BC29-3E0A913D5DD1}.Debug|x64.Build.0 = Debug|Any CPU
		{5CCBFFA5-B253-450A-BC29-3E0A913D5DD1}.Debug|x64.Deploy.0 = Debug|Any CPU
		{5CCBFFA5-B253-450A-BC29-3E0A913D5DD1}.Debug|x86.ActiveCfg = Debug|Any CPU
		{5CCBFFA5-B253-450A-BC29-3E0A913D5DD1}.Debug|x86.Build.0 = Debug|Any CPU
		{5CCBFFA5-B253-450A-BC29-3E0A913D5DD1}.Debug|x86.Deploy.0 = Debug|Any CPU
		{5CCBFFA5-B253-450A-BC29-3E0A913D5DD1}.Release|Any CPU.ActiveCfg = Release|Any CPU
		{5CCBFFA5-B253-450A-BC29-3E0A913D5DD1}.Release|Any CPU.Build.0 = Release|Any CPU
		{5CCBFFA5-B253-450A-BC29-3E0A913D5DD1}.Release|Any CPU.Deploy.0 = Release|Any CPU
		{5CCBFFA5-B253-450A-BC29-3E0A913D5DD1}.Release|ARM.ActiveCfg = Release|Any CPU
		{5CCBFFA5-B253-450A-BC29-3E0A913D5DD1}.Release|ARM.Build.0 = Release|Any CPU
		{5CCBFFA5-B253-450A-BC29-3E0A913D5DD1}.Release|ARM.Deploy.0 = Release|Any CPU
		{5CCBFFA5-B253-450A-BC29-3E0A913D5DD1}.Release|iPhone.ActiveCfg = Release|Any CPU
		{5CCBFFA5-B253-450A-BC29-3E0A913D5DD1}.Release|iPhone.Build.0 = Release|Any CPU
		{5CCBFFA5-B253-450A-BC29-3E0A913D5DD1}.Release|iPhone.Deploy.0 = Release|Any CPU
		{5CCBFFA5-B253-450A-BC29-3E0A913D5DD1}.Release|iPhoneSimulator.ActiveCfg = Release|Any CPU
		{5CCBFFA5-B253-450A-BC29-3E0A913D5DD1}.Release|iPhoneSimulator.Build.0 = Release|Any CPU
		{5CCBFFA5-B253-450A-BC29-3E0A913D5DD1}.Release|iPhoneSimulator.Deploy.0 = Release|Any CPU
		{5CCBFFA5-B253-450A-BC29-3E0A913D5DD1}.Release|x64.ActiveCfg = Release|Any CPU
		{5CCBFFA5-B253-450A-BC29-3E0A913D5DD1}.Release|x64.Build.0 = Release|Any CPU
		{5CCBFFA5-B253-450A-BC29-3E0A913D5DD1}.Release|x64.Deploy.0 = Release|Any CPU
		{5CCBFFA5-B253-450A-BC29-3E0A913D5DD1}.Release|x86.ActiveCfg = Release|Any CPU
		{5CCBFFA5-B253-450A-BC29-3E0A913D5DD1}.Release|x86.Build.0 = Release|Any CPU
		{5CCBFFA5-B253-450A-BC29-3E0A913D5DD1}.Release|x86.Deploy.0 = Release|Any CPU
	EndGlobalSection
	GlobalSection(SolutionProperties) = preSolution
		HideSolutionNode = FALSE
	EndGlobalSection
	GlobalSection(ExtensibilityGlobals) = postSolution
		SolutionGuid = {67353BEB-287B-47E5-9891-D576A2944992}
	EndGlobalSection
EndGlobal
